// !$*UTF8*$!
{
	archiveVersion = 1;
	classes = {
	};
	objectVersion = 46;
	objects = {

/* Begin PBXBuildFile section */
		2F659B2B62EB764CA952F49A /* libPods-MHDrawerDemo2.a in Frameworks */ = {isa = PBXBuildFile; fileRef = 0E33D2985536FB7F3E7FBDAB /* libPods-MHDrawerDemo2.a */; };
		4A17B85C1F29E3F400CC05F3 /* SecondViewController.swift in Sources */ = {isa = PBXBuildFile; fileRef = 4A17B85B1F29E3F400CC05F3 /* SecondViewController.swift */; };
		4A17B85E1F29E48500CC05F3 /* LeftDrawerViewController.swift in Sources */ = {isa = PBXBuildFile; fileRef = 4A17B85D1F29E48500CC05F3 /* LeftDrawerViewController.swift */; };
		4A17B8611F29E50000CC05F3 /* LeftDrawerTableViewCell.swift in Sources */ = {isa = PBXBuildFile; fileRef = 4A17B85F1F29E50000CC05F3 /* LeftDrawerTableViewCell.swift */; };
		4A17B8621F29E50000CC05F3 /* LeftDrawerTableViewCell.xib in Resources */ = {isa = PBXBuildFile; fileRef = 4A17B8601F29E50000CC05F3 /* LeftDrawerTableViewCell.xib */; };
		4A7D30851F29DE8C00DCCAB7 /* AppDelegate.swift in Sources */ = {isa = PBXBuildFile; fileRef = 4A7D30841F29DE8C00DCCAB7 /* AppDelegate.swift */; };
		4A7D30871F29DE8C00DCCAB7 /* ViewController.swift in Sources */ = {isa = PBXBuildFile; fileRef = 4A7D30861F29DE8C00DCCAB7 /* ViewController.swift */; };
		4A7D308A1F29DE8C00DCCAB7 /* Main.storyboard in Resources */ = {isa = PBXBuildFile; fileRef = 4A7D30881F29DE8C00DCCAB7 /* Main.storyboard */; };
		4A7D308C1F29DE8C00DCCAB7 /* Assets.xcassets in Resources */ = {isa = PBXBuildFile; fileRef = 4A7D308B1F29DE8C00DCCAB7 /* Assets.xcassets */; };
		4A7D308F1F29DE8C00DCCAB7 /* LaunchScreen.storyboard in Resources */ = {isa = PBXBuildFile; fileRef = 4A7D308D1F29DE8C00DCCAB7 /* LaunchScreen.storyboard */; };
		4A7D309A1F29DE8C00DCCAB7 /* MHDrawerDemo2Tests.swift in Sources */ = {isa = PBXBuildFile; fileRef = 4A7D30991F29DE8C00DCCAB7 /* MHDrawerDemo2Tests.swift */; };
		4A7D30A51F29DE8C00DCCAB7 /* MHDrawerDemo2UITests.swift in Sources */ = {isa = PBXBuildFile; fileRef = 4A7D30A41F29DE8C00DCCAB7 /* MHDrawerDemo2UITests.swift */; };
		4A8EC1841F317F8F00BABDC3 /* LeftViewController.swift in Sources */ = {isa = PBXBuildFile; fileRef = 4A8EC1831F317F8F00BABDC3 /* LeftViewController.swift */; };
/* End PBXBuildFile section */

/* Begin PBXContainerItemProxy section */
		4A7D30961F29DE8C00DCCAB7 /* PBXContainerItemProxy */ = {
			isa = PBXContainerItemProxy;
			containerPortal = 4A7D30791F29DE8C00DCCAB7 /* Project object */;
			proxyType = 1;
			remoteGlobalIDString = 4A7D30801F29DE8C00DCCAB7;
			remoteInfo = MHDrawerDemo2;
		};
		4A7D30A11F29DE8C00DCCAB7 /* PBXContainerItemProxy */ = {
			isa = PBXContainerItemProxy;
			containerPortal = 4A7D30791F29DE8C00DCCAB7 /* Project object */;
			proxyType = 1;
			remoteGlobalIDString = 4A7D30801F29DE8C00DCCAB7;
			remoteInfo = MHDrawerDemo2;
		};
/* End PBXContainerItemProxy section */

/* Begin PBXFileReference section */
		0E33D2985536FB7F3E7FBDAB /* libPods-MHDrawerDemo2.a */ = {isa = PBXFileReference; explicitFileType = archive.ar; includeInIndex = 0; path = "libPods-MHDrawerDemo2.a"; sourceTree = BUILT_PRODUCTS_DIR; };
		3D5ADFBAE8D98F8A28AEA0D1 /* Pods-MHDrawerDemo2.release.xcconfig */ = {isa = PBXFileReference; includeInIndex = 1; lastKnownFileType = text.xcconfig; name = "Pods-MHDrawerDemo2.release.xcconfig"; path = "Pods/Target Support Files/Pods-MHDrawerDemo2/Pods-MHDrawerDemo2.release.xcconfig"; sourceTree = "<group>"; };
		4A17B85B1F29E3F400CC05F3 /* SecondViewController.swift */ = {isa = PBXFileReference; fileEncoding = 4; lastKnownFileType = sourcecode.swift; path = SecondViewController.swift; sourceTree = "<group>"; };
		4A17B85D1F29E48500CC05F3 /* LeftDrawerViewController.swift */ = {isa = PBXFileReference; fileEncoding = 4; lastKnownFileType = sourcecode.swift; path = LeftDrawerViewController.swift; sourceTree = "<group>"; };
		4A17B85F1F29E50000CC05F3 /* LeftDrawerTableViewCell.swift */ = {isa = PBXFileReference; fileEncoding = 4; lastKnownFileType = sourcecode.swift; path = LeftDrawerTableViewCell.swift; sourceTree = "<group>"; };
		4A17B8601F29E50000CC05F3 /* LeftDrawerTableViewCell.xib */ = {isa = PBXFileReference; fileEncoding = 4; lastKnownFileType = file.xib; path = LeftDrawerTableViewCell.xib; sourceTree = "<group>"; };
		4A7D30811F29DE8C00DCCAB7 /* MHDrawerDemo2.app */ = {isa = PBXFileReference; explicitFileType = wrapper.application; includeInIndex = 0; path = MHDrawerDemo2.app; sourceTree = BUILT_PRODUCTS_DIR; };
		4A7D30841F29DE8C00DCCAB7 /* AppDelegate.swift */ = {isa = PBXFileReference; lastKnownFileType = sourcecode.swift; path = AppDelegate.swift; sourceTree = "<group>"; };
		4A7D30861F29DE8C00DCCAB7 /* ViewController.swift */ = {isa = PBXFileReference; lastKnownFileType = sourcecode.swift; path = ViewController.swift; sourceTree = "<group>"; };
		4A7D30891F29DE8C00DCCAB7 /* Base */ = {isa = PBXFileReference; lastKnownFileType = file.storyboard; name = Base; path = Base.lproj/Main.storyboard; sourceTree = "<group>"; };
		4A7D308B1F29DE8C00DCCAB7 /* Assets.xcassets */ = {isa = PBXFileReference; lastKnownFileType = folder.assetcatalog; path = Assets.xcassets; sourceTree = "<group>"; };
		4A7D308E1F29DE8C00DCCAB7 /* Base */ = {isa = PBXFileReference; lastKnownFileType = file.storyboard; name = Base; path = Base.lproj/LaunchScreen.storyboard; sourceTree = "<group>"; };
		4A7D30901F29DE8C00DCCAB7 /* Info.plist */ = {isa = PBXFileReference; lastKnownFileType = text.plist.xml; path = Info.plist; sourceTree = "<group>"; };
		4A7D30951F29DE8C00DCCAB7 /* MHDrawerDemo2Tests.xctest */ = {isa = PBXFileReference; explicitFileType = wrapper.cfbundle; includeInIndex = 0; path = MHDrawerDemo2Tests.xctest; sourceTree = BUILT_PRODUCTS_DIR; };
		4A7D30991F29DE8C00DCCAB7 /* MHDrawerDemo2Tests.swift */ = {isa = PBXFileReference; lastKnownFileType = sourcecode.swift; path = MHDrawerDemo2Tests.swift; sourceTree = "<group>"; };
		4A7D309B1F29DE8C00DCCAB7 /* Info.plist */ = {isa = PBXFileReference; lastKnownFileType = text.plist.xml; path = Info.plist; sourceTree = "<group>"; };
		4A7D30A01F29DE8C00DCCAB7 /* MHDrawerDemo2UITests.xctest */ = {isa = PBXFileReference; explicitFileType = wrapper.cfbundle; includeInIndex = 0; path = MHDrawerDemo2UITests.xctest; sourceTree = BUILT_PRODUCTS_DIR; };
		4A7D30A41F29DE8C00DCCAB7 /* MHDrawerDemo2UITests.swift */ = {isa = PBXFileReference; lastKnownFileType = sourcecode.swift; path = MHDrawerDemo2UITests.swift; sourceTree = "<group>"; };
		4A7D30A61F29DE8C00DCCAB7 /* Info.plist */ = {isa = PBXFileReference; lastKnownFileType = text.plist.xml; path = Info.plist; sourceTree = "<group>"; };
		4A7D30B21F29DFAA00DCCAB7 /* Bridging-MMDrawerController-Header.h */ = {isa = PBXFileReference; lastKnownFileType = sourcecode.c.h; path = "Bridging-MMDrawerController-Header.h"; sourceTree = "<group>"; };
		4A8EC1831F317F8F00BABDC3 /* LeftViewController.swift */ = {isa = PBXFileReference; fileEncoding = 4; lastKnownFileType = sourcecode.swift; path = LeftViewController.swift; sourceTree = "<group>"; };
		EB68A12CA11F4B5F38811D4D /* Pods-MHDrawerDemo2.debug.xcconfig */ = {isa = PBXFileReference; includeInIndex = 1; lastKnownFileType = text.xcconfig; name = "Pods-MHDrawerDemo2.debug.xcconfig"; path = "Pods/Target Support Files/Pods-MHDrawerDemo2/Pods-MHDrawerDemo2.debug.xcconfig"; sourceTree = "<group>"; };
/* End PBXFileReference section */

/* Begin PBXFrameworksBuildPhase section */
		4A7D307E1F29DE8C00DCCAB7 /* Frameworks */ = {
			isa = PBXFrameworksBuildPhase;
			buildActionMask = 2147483647;
			files = (
				2F659B2B62EB764CA952F49A /* libPods-MHDrawerDemo2.a in Frameworks */,
			);
			runOnlyForDeploymentPostprocessing = 0;
		};
		4A7D30921F29DE8C00DCCAB7 /* Frameworks */ = {
			isa = PBXFrameworksBuildPhase;
			buildActionMask = 2147483647;
			files = (
			);
			runOnlyForDeploymentPostprocessing = 0;
		};
		4A7D309D1F29DE8C00DCCAB7 /* Frameworks */ = {
			isa = PBXFrameworksBuildPhase;
			buildActionMask = 2147483647;
			files = (
			);
			runOnlyForDeploymentPostprocessing = 0;
		};
/* End PBXFrameworksBuildPhase section */

/* Begin PBXGroup section */
		3319712965FEBEA30D54CCEF /* Pods */ = {
			isa = PBXGroup;
			children = (
				EB68A12CA11F4B5F38811D4D /* Pods-MHDrawerDemo2.debug.xcconfig */,
				3D5ADFBAE8D98F8A28AEA0D1 /* Pods-MHDrawerDemo2.release.xcconfig */,
			);
			name = Pods;
			sourceTree = "<group>";
		};
		4A7D30781F29DE8C00DCCAB7 = {
			isa = PBXGroup;
			children = (
				4A7D30831F29DE8C00DCCAB7 /* MHDrawerDemo2 */,
				4A7D30981F29DE8C00DCCAB7 /* MHDrawerDemo2Tests */,
				4A7D30A31F29DE8C00DCCAB7 /* MHDrawerDemo2UITests */,
				4A7D30821F29DE8C00DCCAB7 /* Products */,
				3319712965FEBEA30D54CCEF /* Pods */,
				667B4092F161229E9E9721C1 /* Frameworks */,
			);
			sourceTree = "<group>";
		};
		4A7D30821F29DE8C00DCCAB7 /* Products */ = {
			isa = PBXGroup;
			children = (
				4A7D30811F29DE8C00DCCAB7 /* MHDrawerDemo2.app */,
				4A7D30951F29DE8C00DCCAB7 /* MHDrawerDemo2Tests.xctest */,
				4A7D30A01F29DE8C00DCCAB7 /* MHDrawerDemo2UITests.xctest */,
			);
			name = Products;
			sourceTree = "<group>";
		};
		4A7D30831F29DE8C00DCCAB7 /* MHDrawerDemo2 */ = {
			isa = PBXGroup;
			children = (
				4A7D30841F29DE8C00DCCAB7 /* AppDelegate.swift */,
				4A7D30861F29DE8C00DCCAB7 /* ViewController.swift */,
				4A7D30881F29DE8C00DCCAB7 /* Main.storyboard */,
				4A17B85D1F29E48500CC05F3 /* LeftDrawerViewController.swift */,
				4A7D308B1F29DE8C00DCCAB7 /* Assets.xcassets */,
				4A7D308D1F29DE8C00DCCAB7 /* LaunchScreen.storyboard */,
				4A7D30901F29DE8C00DCCAB7 /* Info.plist */,
				4A7D30B21F29DFAA00DCCAB7 /* Bridging-MMDrawerController-Header.h */,
				4A17B85B1F29E3F400CC05F3 /* SecondViewController.swift */,
				4A17B85F1F29E50000CC05F3 /* LeftDrawerTableViewCell.swift */,
				4A17B8601F29E50000CC05F3 /* LeftDrawerTableViewCell.xib */,
				4A8EC1831F317F8F00BABDC3 /* LeftViewController.swift */,
			);
			path = MHDrawerDemo2;
			sourceTree = "<group>";
		};
		4A7D30981F29DE8C00DCCAB7 /* MHDrawerDemo2Tests */ = {
			isa = PBXGroup;
			children = (
				4A7D30991F29DE8C00DCCAB7 /* MHDrawerDemo2Tests.swift */,
				4A7D309B1F29DE8C00DCCAB7 /* Info.plist */,
			);
			path = MHDrawerDemo2Tests;
			sourceTree = "<group>";
		};
		4A7D30A31F29DE8C00DCCAB7 /* MHDrawerDemo2UITests */ = {
			isa = PBXGroup;
			children = (
				4A7D30A41F29DE8C00DCCAB7 /* MHDrawerDemo2UITests.swift */,
				4A7D30A61F29DE8C00DCCAB7 /* Info.plist */,
			);
			path = MHDrawerDemo2UITests;
			sourceTree = "<group>";
		};
		667B4092F161229E9E9721C1 /* Frameworks */ = {
			isa = PBXGroup;
			children = (
				0E33D2985536FB7F3E7FBDAB /* libPods-MHDrawerDemo2.a */,
			);
			name = Frameworks;
			sourceTree = "<group>";
		};
/* End PBXGroup section */

/* Begin PBXNativeTarget section */
		4A7D30801F29DE8C00DCCAB7 /* MHDrawerDemo2 */ = {
			isa = PBXNativeTarget;
			buildConfigurationList = 4A7D30A91F29DE8C00DCCAB7 /* Build configuration list for PBXNativeTarget "MHDrawerDemo2" */;
			buildPhases = (
				9A893ED9C91AF98B2DE72D64 /* [CP] Check Pods Manifest.lock */,
				4A7D307D1F29DE8C00DCCAB7 /* Sources */,
				4A7D307E1F29DE8C00DCCAB7 /* Frameworks */,
				4A7D307F1F29DE8C00DCCAB7 /* Resources */,
				DF95DE8CFC04B69E80C75E10 /* [CP] Embed Pods Frameworks */,
				E4F68FE51031DB6DFF9CFB2B /* [CP] Copy Pods Resources */,
			);
			buildRules = (
			);
			dependencies = (
			);
			name = MHDrawerDemo2;
			productName = MHDrawerDemo2;
			productReference = 4A7D30811F29DE8C00DCCAB7 /* MHDrawerDemo2.app */;
			productType = "com.apple.product-type.application";
		};
		4A7D30941F29DE8C00DCCAB7 /* MHDrawerDemo2Tests */ = {
			isa = PBXNativeTarget;
			buildConfigurationList = 4A7D30AC1F29DE8C00DCCAB7 /* Build configuration list for PBXNativeTarget "MHDrawerDemo2Tests" */;
			buildPhases = (
				4A7D30911F29DE8C00DCCAB7 /* Sources */,
				4A7D30921F29DE8C00DCCAB7 /* Frameworks */,
				4A7D30931F29DE8C00DCCAB7 /* Resources */,
			);
			buildRules = (
			);
			dependencies = (
				4A7D30971F29DE8C00DCCAB7 /* PBXTargetDependency */,
			);
			name = MHDrawerDemo2Tests;
			productName = MHDrawerDemo2Tests;
			productReference = 4A7D30951F29DE8C00DCCAB7 /* MHDrawerDemo2Tests.xctest */;
			productType = "com.apple.product-type.bundle.unit-test";
		};
		4A7D309F1F29DE8C00DCCAB7 /* MHDrawerDemo2UITests */ = {
			isa = PBXNativeTarget;
			buildConfigurationList = 4A7D30AF1F29DE8C00DCCAB7 /* Build configuration list for PBXNativeTarget "MHDrawerDemo2UITests" */;
			buildPhases = (
				4A7D309C1F29DE8C00DCCAB7 /* Sources */,
				4A7D309D1F29DE8C00DCCAB7 /* Frameworks */,
				4A7D309E1F29DE8C00DCCAB7 /* Resources */,
			);
			buildRules = (
			);
			dependencies = (
				4A7D30A21F29DE8C00DCCAB7 /* PBXTargetDependency */,
			);
			name = MHDrawerDemo2UITests;
			productName = MHDrawerDemo2UITests;
			productReference = 4A7D30A01F29DE8C00DCCAB7 /* MHDrawerDemo2UITests.xctest */;
			productType = "com.apple.product-type.bundle.ui-testing";
		};
/* End PBXNativeTarget section */

/* Begin PBXProject section */
		4A7D30791F29DE8C00DCCAB7 /* Project object */ = {
			isa = PBXProject;
			attributes = {
				LastSwiftUpdateCheck = 0830;
				LastUpgradeCheck = 0830;
				ORGANIZATIONNAME = mhrusrm3;
				TargetAttributes = {
					4A7D30801F29DE8C00DCCAB7 = {
						CreatedOnToolsVersion = 8.3.3;
						ProvisioningStyle = Automatic;
					};
					4A7D30941F29DE8C00DCCAB7 = {
						CreatedOnToolsVersion = 8.3.3;
						ProvisioningStyle = Automatic;
						TestTargetID = 4A7D30801F29DE8C00DCCAB7;
					};
					4A7D309F1F29DE8C00DCCAB7 = {
						CreatedOnToolsVersion = 8.3.3;
						ProvisioningStyle = Automatic;
						TestTargetID = 4A7D30801F29DE8C00DCCAB7;
					};
				};
			};
			buildConfigurationList = 4A7D307C1F29DE8C00DCCAB7 /* Build configuration list for PBXProject "MHDrawerDemo2" */;
			compatibilityVersion = "Xcode 3.2";
			developmentRegion = English;
			hasScannedForEncodings = 0;
			knownRegions = (
				en,
				Base,
			);
			mainGroup = 4A7D30781F29DE8C00DCCAB7;
			productRefGroup = 4A7D30821F29DE8C00DCCAB7 /* Products */;
			projectDirPath = "";
			projectRoot = "";
			targets = (
				4A7D30801F29DE8C00DCCAB7 /* MHDrawerDemo2 */,
				4A7D30941F29DE8C00DCCAB7 /* MHDrawerDemo2Tests */,
				4A7D309F1F29DE8C00DCCAB7 /* MHDrawerDemo2UITests */,
			);
		};
/* End PBXProject section */

/* Begin PBXResourcesBuildPhase section */
		4A7D307F1F29DE8C00DCCAB7 /* Resources */ = {
			isa = PBXResourcesBuildPhase;
			buildActionMask = 2147483647;
			files = (
				4A7D308F1F29DE8C00DCCAB7 /* LaunchScreen.storyboard in Resources */,
				4A7D308C1F29DE8C00DCCAB7 /* Assets.xcassets in Resources */,
				4A7D308A1F29DE8C00DCCAB7 /* Main.storyboard in Resources */,
				4A17B8621F29E50000CC05F3 /* LeftDrawerTableViewCell.xib in Resources */,
			);
			runOnlyForDeploymentPostprocessing = 0;
		};
		4A7D30931F29DE8C00DCCAB7 /* Resources */ = {
			isa = PBXResourcesBuildPhase;
			buildActionMask = 2147483647;
			files = (
			);
			runOnlyForDeploymentPostprocessing = 0;
		};
		4A7D309E1F29DE8C00DCCAB7 /* Resources */ = {
			isa = PBXResourcesBuildPhase;
			buildActionMask = 2147483647;
			files = (
			);
			runOnlyForDeploymentPostprocessing = 0;
		};
/* End PBXResourcesBuildPhase section */

/* Begin PBXShellScriptBuildPhase section */
		9A893ED9C91AF98B2DE72D64 /* [CP] Check Pods Manifest.lock */ = {
			isa = PBXShellScriptBuildPhase;
			buildActionMask = 2147483647;
			files = (
			);
			inputPaths = (
			);
			name = "[CP] Check Pods Manifest.lock";
			outputPaths = (
			);
			runOnlyForDeploymentPostprocessing = 0;
			shellPath = /bin/sh;
			shellScript = "diff \"${PODS_PODFILE_DIR_PATH}/Podfile.lock\" \"${PODS_ROOT}/Manifest.lock\" > /dev/null\nif [ $? != 0 ] ; then\n    # print error to STDERR\n    echo \"error: The sandbox is not in sync with the Podfile.lock. Run 'pod install' or update your CocoaPods installation.\" >&2\n    exit 1\nfi\n";
			showEnvVarsInLog = 0;
		};
		DF95DE8CFC04B69E80C75E10 /* [CP] Embed Pods Frameworks */ = {
			isa = PBXShellScriptBuildPhase;
			buildActionMask = 2147483647;
			files = (
			);
			inputPaths = (
			);
			name = "[CP] Embed Pods Frameworks";
			outputPaths = (
			);
			runOnlyForDeploymentPostprocessing = 0;
			shellPath = /bin/sh;
			shellScript = "\"${SRCROOT}/Pods/Target Support Files/Pods-MHDrawerDemo2/Pods-MHDrawerDemo2-frameworks.sh\"\n";
			showEnvVarsInLog = 0;
		};
		E4F68FE51031DB6DFF9CFB2B /* [CP] Copy Pods Resources */ = {
			isa = PBXShellScriptBuildPhase;
			buildActionMask = 2147483647;
			files = (
			);
			inputPaths = (
			);
			name = "[CP] Copy Pods Resources";
			outputPaths = (
			);
			runOnlyForDeploymentPostprocessing = 0;
			shellPath = /bin/sh;
			shellScript = "\"${SRCROOT}/Pods/Target Support Files/Pods-MHDrawerDemo2/Pods-MHDrawerDemo2-resources.sh\"\n";
			showEnvVarsInLog = 0;
		};
/* End PBXShellScriptBuildPhase section */

/* Begin PBXSourcesBuildPhase section */
		4A7D307D1F29DE8C00DCCAB7 /* Sources */ = {
			isa = PBXSourcesBuildPhase;
			buildActionMask = 2147483647;
			files = (
				4A17B85E1F29E48500CC05F3 /* LeftDrawerViewController.swift in Sources */,
				4A17B85C1F29E3F400CC05F3 /* SecondViewController.swift in Sources */,
				4A7D30871F29DE8C00DCCAB7 /* ViewController.swift in Sources */,
				4A8EC1841F317F8F00BABDC3 /* LeftViewController.swift in Sources */,
				4A7D30851F29DE8C00DCCAB7 /* AppDelegate.swift in Sources */,
				4A17B8611F29E50000CC05F3 /* LeftDrawerTableViewCell.swift in Sources */,
			);
			runOnlyForDeploymentPostprocessing = 0;
		};
		4A7D30911F29DE8C00DCCAB7 /* Sources */ = {
			isa = PBXSourcesBuildPhase;
			buildActionMask = 2147483647;
			files = (
				4A7D309A1F29DE8C00DCCAB7 /* MHDrawerDemo2Tests.swift in Sources */,
			);
			runOnlyForDeploymentPostprocessing = 0;
		};
		4A7D309C1F29DE8C00DCCAB7 /* Sources */ = {
			isa = PBXSourcesBuildPhase;
			buildActionMask = 2147483647;
			files = (
				4A7D30A51F29DE8C00DCCAB7 /* MHDrawerDemo2UITests.swift in Sources */,
			);
			runOnlyForDeploymentPostprocessing = 0;
		};
/* End PBXSourcesBuildPhase section */

/* Begin PBXTargetDependency section */
		4A7D30971F29DE8C00DCCAB7 /* PBXTargetDependency */ = {
			isa = PBXTargetDependency;
			target = 4A7D30801F29DE8C00DCCAB7 /* MHDrawerDemo2 */;
			targetProxy = 4A7D30961F29DE8C00DCCAB7 /* PBXContainerItemProxy */;
		};
		4A7D30A21F29DE8C00DCCAB7 /* PBXTargetDependency */ = {
			isa = PBXTargetDependency;
			target = 4A7D30801F29DE8C00DCCAB7 /* MHDrawerDemo2 */;
			targetProxy = 4A7D30A11F29DE8C00DCCAB7 /* PBXContainerItemProxy */;
		};
/* End PBXTargetDependency section */

/* Begin PBXVariantGroup section */
		4A7D30881F29DE8C00DCCAB7 /* Main.storyboard */ = {
			isa = PBXVariantGroup;
			children = (
				4A7D30891F29DE8C00DCCAB7 /* Base */,
			);
			name = Main.storyboard;
			sourceTree = "<group>";
		};
		4A7D308D1F29DE8C00DCCAB7 /* LaunchScreen.storyboard */ = {
			isa = PBXVariantGroup;
			children = (
				4A7D308E1F29DE8C00DCCAB7 /* Base */,
			);
			name = LaunchScreen.storyboard;
			sourceTree = "<group>";
		};
/* End PBXVariantGroup section */

/* Begin XCBuildConfiguration section */
		4A7D30A71F29DE8C00DCCAB7 /* Debug */ = {
			isa = XCBuildConfiguration;
			buildSettings = {
				ALWAYS_SEARCH_USER_PATHS = NO;
				CLANG_ANALYZER_NONNULL = YES;
				CLANG_ANALYZER_NUMBER_OBJECT_CONVERSION = YES_AGGRESSIVE;
				CLANG_CXX_LANGUAGE_STANDARD = "gnu++0x";
				CLANG_CXX_LIBRARY = "libc++";
				CLANG_ENABLE_MODULES = YES;
				CLANG_ENABLE_OBJC_ARC = YES;
				CLANG_WARN_BOOL_CONVERSION = YES;
				CLANG_WARN_CONSTANT_CONVERSION = YES;
				CLANG_WARN_DIRECT_OBJC_ISA_USAGE = YES_ERROR;
				CLANG_WARN_DOCUMENTATION_COMMENTS = YES;
				CLANG_WARN_EMPTY_BODY = YES;
				CLANG_WARN_ENUM_CONVERSION = YES;
				CLANG_WARN_INFINITE_RECURSION = YES;
				CLANG_WARN_INT_CONVERSION = YES;
				CLANG_WARN_OBJC_ROOT_CLASS = YES_ERROR;
				CLANG_WARN_SUSPICIOUS_MOVE = YES;
				CLANG_WARN_UNREACHABLE_CODE = YES;
				CLANG_WARN__DUPLICATE_METHOD_MATCH = YES;
				"CODE_SIGN_IDENTITY[sdk=iphoneos*]" = "iPhone Developer";
				COPY_PHASE_STRIP = NO;
				DEBUG_INFORMATION_FORMAT = dwarf;
				ENABLE_STRICT_OBJC_MSGSEND = YES;
				ENABLE_TESTABILITY = YES;
				GCC_C_LANGUAGE_STANDARD = gnu99;
				GCC_DYNAMIC_NO_PIC = NO;
				GCC_NO_COMMON_BLOCKS = YES;
				GCC_OPTIMIZATION_LEVEL = 0;
				GCC_PREPROCESSOR_DEFINITIONS = (
					"DEBUG=1",
					"$(inherited)",
				);
				GCC_WARN_64_TO_32_BIT_CONVERSION = YES;
				GCC_WARN_ABOUT_RETURN_TYPE = YES_ERROR;
				GCC_WARN_UNDECLARED_SELECTOR = YES;
				GCC_WARN_UNINITIALIZED_AUTOS = YES_AGGRESSIVE;
				GCC_WARN_UNUSED_FUNCTION = YES;
				GCC_WARN_UNUSED_VARIABLE = YES;
				IPHONEOS_DEPLOYMENT_TARGET = 10.3;
				MTL_ENABLE_DEBUG_INFO = YES;
				ONLY_ACTIVE_ARCH = YES;
				SDKROOT = iphoneos;
				SWIFT_ACTIVE_COMPILATION_CONDITIONS = DEBUG;
				SWIFT_OPTIMIZATION_LEVEL = "-Onone";
			};
			name = Debug;
		};
		4A7D30A81F29DE8C00DCCAB7 /* Release */ = {
			isa = XCBuildConfiguration;
			buildSettings = {
				ALWAYS_SEARCH_USER_PATHS = NO;
				CLANG_ANALYZER_NONNULL = YES;
				CLANG_ANALYZER_NUMBER_OBJECT_CONVERSION = YES_AGGRESSIVE;
				CLANG_CXX_LANGUAGE_STANDARD = "gnu++0x";
				CLANG_CXX_LIBRARY = "libc++";
				CLANG_ENABLE_MODULES = YES;
				CLANG_ENABLE_OBJC_ARC = YES;
				CLANG_WARN_BOOL_CONVERSION = YES;
				CLANG_WARN_CONSTANT_CONVERSION = YES;
				CLANG_WARN_DIRECT_OBJC_ISA_USAGE = YES_ERROR;
				CLANG_WARN_DOCUMENTATION_COMMENTS = YES;
				CLANG_WARN_EMPTY_BODY = YES;
				CLANG_WARN_ENUM_CONVERSION = YES;
				CLANG_WARN_INFINITE_RECURSION = YES;
				CLANG_WARN_INT_CONVERSION = YES;
				CLANG_WARN_OBJC_ROOT_CLASS = YES_ERROR;
				CLANG_WARN_SUSPICIOUS_MOVE = YES;
				CLANG_WARN_UNREACHABLE_CODE = YES;
				CLANG_WARN__DUPLICATE_METHOD_MATCH = YES;
				"CODE_SIGN_IDENTITY[sdk=iphoneos*]" = "iPhone Developer";
				COPY_PHASE_STRIP = NO;
				DEBUG_INFORMATION_FORMAT = "dwarf-with-dsym";
				ENABLE_NS_ASSERTIONS = NO;
				ENABLE_STRICT_OBJC_MSGSEND = YES;
				GCC_C_LANGUAGE_STANDARD = gnu99;
				GCC_NO_COMMON_BLOCKS = YES;
				GCC_WARN_64_TO_32_BIT_CONVERSION = YES;
				GCC_WARN_ABOUT_RETURN_TYPE = YES_ERROR;
				GCC_WARN_UNDECLARED_SELECTOR = YES;
				GCC_WARN_UNINITIALIZED_AUTOS = YES_AGGRESSIVE;
				GCC_WARN_UNUSED_FUNCTION = YES;
				GCC_WARN_UNUSED_VARIABLE = YES;
				IPHONEOS_DEPLOYMENT_TARGET = 10.3;
				MTL_ENABLE_DEBUG_INFO = NO;
				SDKROOT = iphoneos;
				SWIFT_OPTIMIZATION_LEVEL = "-Owholemodule";
				VALIDATE_PRODUCT = YES;
			};
			name = Release;
		};
		4A7D30AA1F29DE8C00DCCAB7 /* Debug */ = {
			isa = XCBuildConfiguration;
			baseConfigurationReference = EB68A12CA11F4B5F38811D4D /* Pods-MHDrawerDemo2.debug.xcconfig */;
			buildSettings = {
				ASSETCATALOG_COMPILER_APPICON_NAME = AppIcon;
				INFOPLIST_FILE = MHDrawerDemo2/Info.plist;
				LD_RUNPATH_SEARCH_PATHS = "$(inherited) @executable_path/Frameworks";
				OTHER_SWIFT_FLAGS = "";
				PRODUCT_BUNDLE_IDENTIFIER = minghui.MHDrawerDemo2;
				PRODUCT_NAME = "$(TARGET_NAME)";
				SWIFT_OBJC_BRIDGING_HEADER = "MHDrawerDemo2/Bridging-MMDrawerController-Header.h";
				SWIFT_VERSION = 3.0;
			};
			name = Debug;
		};
		4A7D30AB1F29DE8C00DCCAB7 /* Release */ = {
			isa = XCBuildConfiguration;
			baseConfigurationReference = 3D5ADFBAE8D98F8A28AEA0D1 /* Pods-MHDrawerDemo2.release.xcconfig */;
			buildSettings = {
				ASSETCATALOG_COMPILER_APPICON_NAME = AppIcon;
				INFOPLIST_FILE = MHDrawerDemo2/Info.plist;
				LD_RUNPATH_SEARCH_PATHS = "$(inherited) @executable_path/Frameworks";
				OTHER_SWIFT_FLAGS = "";
				PRODUCT_BUNDLE_IDENTIFIER = minghui.MHDrawerDemo2;
				PRODUCT_NAME = "$(TARGET_NAME)";
				SWIFT_OBJC_BRIDGING_HEADER = "MHDrawerDemo2/Bridging-MMDrawerController-Header.h";
				SWIFT_VERSION = 3.0;
			};
			name = Release;
		};
		4A7D30AD1F29DE8C00DCCAB7 /* Debug */ = {
			isa = XCBuildConfiguration;
			buildSettings = {
				ALWAYS_EMBED_SWIFT_STANDARD_LIBRARIES = YES;
				BUNDLE_LOADER = "$(TEST_HOST)";
				INFOPLIST_FILE = MHDrawerDemo2Tests/Info.plist;
				LD_RUNPATH_SEARCH_PATHS = "$(inherited) @executable_path/Frameworks @loader_path/Frameworks";
				PRODUCT_BUNDLE_IDENTIFIER = minghui.MHDrawerDemo2Tests;
				PRODUCT_NAME = "$(TARGET_NAME)";
				SWIFT_VERSION = 3.0;
				TEST_HOST = "$(BUILT_PRODUCTS_DIR)/MHDrawerDemo2.app/MHDrawerDemo2";
			};
			name = Debug;
		};
		4A7D30AE1F29DE8C00DCCAB7 /* Release */ = {
			isa = XCBuildConfiguration;
			buildSettings = {
				ALWAYS_EMBED_SWIFT_STANDARD_LIBRARIES = YES;
				BUNDLE_LOADER = "$(TEST_HOST)";
				INFOPLIST_FILE = MHDrawerDemo2Tests/Info.plist;
				LD_RUNPATH_SEARCH_PATHS = "$(inherited) @executable_path/Frameworks @loader_path/Frameworks";
				PRODUCT_BUNDLE_IDENTIFIER = minghui.MHDrawerDemo2Tests;
				PRODUCT_NAME = "$(TARGET_NAME)";
				SWIFT_VERSION = 3.0;
				TEST_HOST = "$(BUILT_PRODUCTS_DIR)/MHDrawerDemo2.app/MHDrawerDemo2";
			};
			name = Release;
		};
		4A7D30B01F29DE8C00DCCAB7 /* Debug */ = {
			isa = XCBuildConfiguration;
			buildSettings = {
				ALWAYS_EMBED_SWIFT_STANDARD_LIBRARIES = YES;
				INFOPLIST_FILE = MHDrawerDemo2UITests/Info.plist;
				LD_RUNPATH_SEARCH_PATHS = "$(inherited) @executable_path/Frameworks @loader_path/Frameworks";
				PRODUCT_BUNDLE_IDENTIFIER = minghui.MHDrawerDemo2UITests;
				PRODUCT_NAME = "$(TARGET_NAME)";
				SWIFT_VERSION = 3.0;
				TEST_TARGET_NAME = MHDrawerDemo2;
			};
			name = Debug;
		};
		4A7D30B11F29DE8C00DCCAB7 /* Release */ = {
			isa = XCBuildConfiguration;
			buildSettings = {
				ALWAYS_EMBED_SWIFT_STANDARD_LIBRARIES = YES;
				INFOPLIST_FILE = MHDrawerDemo2UITests/Info.plist;
				LD_RUNPATH_SEARCH_PATHS = "$(inherited) @executable_path/Frameworks @loader_path/Frameworks";
				PRODUCT_BUNDLE_IDENTIFIER = minghui.MHDrawerDemo2UITests;
				PRODUCT_NAME = "$(TARGET_NAME)";
				SWIFT_VERSION = 3.0;
				TEST_TARGET_NAME = MHDrawerDemo2;
			};
			name = Release;
		};
/* End XCBuildConfiguration section */

/* Begin XCConfigurationList section */
		4A7D307C1F29DE8C00DCCAB7 /* Build configuration list for PBXProject "MHDrawerDemo2" */ = {
			isa = XCConfigurationList;
			buildConfigurations = (
				4A7D30A71F29DE8C00DCCAB7 /* Debug */,
				4A7D30A81F29DE8C00DCCAB7 /* Release */,
			);
			defaultConfigurationIsVisible = 0;
			defaultConfigurationName = Release;
		};
		4A7D30A91F29DE8C00DCCAB7 /* Build configuration list for PBXNativeTarget "MHDrawerDemo2" */ = {
			isa = XCConfigurationList;
			buildConfigurations = (
				4A7D30AA1F29DE8C00DCCAB7 /* Debug */,
				4A7D30AB1F29DE8C00DCCAB7 /* Release */,
			);
			defaultConfigurationIsVisible = 0;
			defaultConfigurationName = Release;
		};
		4A7D30AC1F29DE8C00DCCAB7 /* Build configuration list for PBXNativeTarget "MHDrawerDemo2Tests" */ = {
			isa = XCConfigurationList;
			buildConfigurations = (
				4A7D30AD1F29DE8C00DCCAB7 /* Debug */,
				4A7D30AE1F29DE8C00DCCAB7 /* Release */,
			);
			defaultConfigurationIsVisible = 0;
			defaultConfigurationName = Release;
		};
		4A7D30AF1F29DE8C00DCCAB7 /* Build configuration list for PBXNativeTarget "MHDrawerDemo2UITests" */ = {
			isa = XCConfigurationList;
			buildConfigurations = (
				4A7D30B01F29DE8C00DCCAB7 /* Debug */,
				4A7D30B11F29DE8C00DCCAB7 /* Release */,
			);
			defaultConfigurationIsVisible = 0;
			defaultConfigurationName = Release;
		};
/* End XCConfigurationList section */
	};
	rootObject = 4A7D30791F29DE8C00DCCAB7 /* Project object */;
}
